<?xml version="1.0" encoding="UTF-8"?>
<CodeBlocks_project_file>
	<FileVersion major="1" minor="6"/>
	<Project>
		<Option title="vulkanHelloWorld"/>
		<Option makefile_is_custom="1"/>
		<Option compiler="clang"/>
		<Option virtualFolders="CMake Files\;CMake Files\..\;CMake Files\..\..\;CMake Files\..\..\..\;CMake Files\..\..\..\..\;CMake Files\..\..\..\..\..\;CMake Files\..\..\..\..\..\usr\;CMake Files\..\..\..\..\..\usr\local\;CMake Files\..\..\..\..\..\usr\local\lib\;CMake Files\..\..\..\..\..\usr\local\lib\cmake\;CMake Files\..\..\..\..\..\usr\local\lib\cmake\glfw3\;"/>
		<Build>
			<Target title="all">
				<Option working_dir="/Users/twanbolwerk/Documents/dev/game-engine"/>
				<Option type="4"/>
				<MakeCommands>
					<Build command="/usr/bin/make -f &quot;/Users/twanbolwerk/Documents/dev/game-engine/Makefile&quot;  VERBOSE=1 all"/>
					<CompileFile command="/usr/bin/make -f &quot;/Users/twanbolwerk/Documents/dev/game-engine/Makefile&quot;  VERBOSE=1 &quot;$file&quot;"/>
					<Clean command="/usr/bin/make -f &quot;/Users/twanbolwerk/Documents/dev/game-engine/Makefile&quot;  VERBOSE=1 clean"/>
					<DistClean command="/usr/bin/make -f &quot;/Users/twanbolwerk/Documents/dev/game-engine/Makefile&quot;  VERBOSE=1 clean"/>
				</MakeCommands>
			</Target>
			<Target title="rebuild_cache">
				<Option working_dir="/Users/twanbolwerk/Documents/dev/game-engine"/>
				<Option type="4"/>
				<MakeCommands>
					<Build command="/usr/bin/make -f &quot;/Users/twanbolwerk/Documents/dev/game-engine/Makefile&quot;  VERBOSE=1 rebuild_cache"/>
					<CompileFile command="/usr/bin/make -f &quot;/Users/twanbolwerk/Documents/dev/game-engine/Makefile&quot;  VERBOSE=1 &quot;$file&quot;"/>
					<Clean command="/usr/bin/make -f &quot;/Users/twanbolwerk/Documents/dev/game-engine/Makefile&quot;  VERBOSE=1 clean"/>
					<DistClean command="/usr/bin/make -f &quot;/Users/twanbolwerk/Documents/dev/game-engine/Makefile&quot;  VERBOSE=1 clean"/>
				</MakeCommands>
			</Target>
			<Target title="edit_cache">
				<Option working_dir="/Users/twanbolwerk/Documents/dev/game-engine"/>
				<Option type="4"/>
				<MakeCommands>
					<Build command="/usr/bin/make -f &quot;/Users/twanbolwerk/Documents/dev/game-engine/Makefile&quot;  VERBOSE=1 edit_cache"/>
					<CompileFile command="/usr/bin/make -f &quot;/Users/twanbolwerk/Documents/dev/game-engine/Makefile&quot;  VERBOSE=1 &quot;$file&quot;"/>
					<Clean command="/usr/bin/make -f &quot;/Users/twanbolwerk/Documents/dev/game-engine/Makefile&quot;  VERBOSE=1 clean"/>
					<DistClean command="/usr/bin/make -f &quot;/Users/twanbolwerk/Documents/dev/game-engine/Makefile&quot;  VERBOSE=1 clean"/>
				</MakeCommands>
			</Target>
			<Target title="vulkanHelloWorld">
				<Option output="/Users/twanbolwerk/Documents/dev/game-engine/vulkanHelloWorld" prefix_auto="0" extension_auto="0"/>
				<Option working_dir="/Users/twanbolwerk/Documents/dev/game-engine"/>
				<Option object_output="./"/>
				<Option type="1"/>
				<Option compiler="clang"/>
				<Compiler>
					<Add directory="/usr/local/Caskroom/vulkan-sdk/1.2.162.1/macOS/include"/>
					<Add directory="/usr/local/include"/>
				</Compiler>
				<MakeCommands>
					<Build command="/usr/bin/make -f &quot;/Users/twanbolwerk/Documents/dev/game-engine/Makefile&quot;  VERBOSE=1 vulkanHelloWorld"/>
					<CompileFile command="/usr/bin/make -f &quot;/Users/twanbolwerk/Documents/dev/game-engine/Makefile&quot;  VERBOSE=1 &quot;$file&quot;"/>
					<Clean command="/usr/bin/make -f &quot;/Users/twanbolwerk/Documents/dev/game-engine/Makefile&quot;  VERBOSE=1 clean"/>
					<DistClean command="/usr/bin/make -f &quot;/Users/twanbolwerk/Documents/dev/game-engine/Makefile&quot;  VERBOSE=1 clean"/>
				</MakeCommands>
			</Target>
			<Target title="vulkanHelloWorld/fast">
				<Option output="/Users/twanbolwerk/Documents/dev/game-engine/vulkanHelloWorld" prefix_auto="0" extension_auto="0"/>
				<Option working_dir="/Users/twanbolwerk/Documents/dev/game-engine"/>
				<Option object_output="./"/>
				<Option type="1"/>
				<Option compiler="clang"/>
				<Compiler>
					<Add directory="/usr/local/Caskroom/vulkan-sdk/1.2.162.1/macOS/include"/>
					<Add directory="/usr/local/include"/>
				</Compiler>
				<MakeCommands>
					<Build command="/usr/bin/make -f &quot;/Users/twanbolwerk/Documents/dev/game-engine/Makefile&quot;  VERBOSE=1 vulkanHelloWorld/fast"/>
					<CompileFile command="/usr/bin/make -f &quot;/Users/twanbolwerk/Documents/dev/game-engine/Makefile&quot;  VERBOSE=1 &quot;$file&quot;"/>
					<Clean command="/usr/bin/make -f &quot;/Users/twanbolwerk/Documents/dev/game-engine/Makefile&quot;  VERBOSE=1 clean"/>
					<DistClean command="/usr/bin/make -f &quot;/Users/twanbolwerk/Documents/dev/game-engine/Makefile&quot;  VERBOSE=1 clean"/>
				</MakeCommands>
			</Target>
		</Build>
		<Unit filename="/Users/twanbolwerk/Documents/dev/game-engine/main.cpp">
			<Option target="vulkanHelloWorld"/>
		</Unit>
		<Unit filename="/Users/twanbolwerk/Documents/dev/game-engine/CMakeLists.txt">
			<Option virtualFolder="CMake Files\"/>
		</Unit>
		<Unit filename="/Users/twanbolwerk/Documents/dev/game-engine/../../../../../usr/local/lib/cmake/glfw3/glfw3Config.cmake">
			<Option virtualFolder="CMake Files\..\..\..\..\..\usr\local\lib\cmake\glfw3\"/>
		</Unit>
		<Unit filename="/Users/twanbolwerk/Documents/dev/game-engine/../../../../../usr/local/lib/cmake/glfw3/glfw3ConfigVersion.cmake">
			<Option virtualFolder="CMake Files\..\..\..\..\..\usr\local\lib\cmake\glfw3\"/>
		</Unit>
		<Unit filename="/Users/twanbolwerk/Documents/dev/game-engine/../../../../../usr/local/lib/cmake/glfw3/glfw3Targets-release.cmake">
			<Option virtualFolder="CMake Files\..\..\..\..\..\usr\local\lib\cmake\glfw3\"/>
		</Unit>
		<Unit filename="/Users/twanbolwerk/Documents/dev/game-engine/../../../../../usr/local/lib/cmake/glfw3/glfw3Targets.cmake">
			<Option virtualFolder="CMake Files\..\..\..\..\..\usr\local\lib\cmake\glfw3\"/>
		</Unit>
	</Project>
</CodeBlocks_project_file>
